
Microsoft Visual Studio Solution File, Format Version 12.00
# Visual Studio Version 17
VisualStudioVersion = 17.7.34024.191
MinimumVisualStudioVersion = 10.0.40219.1
Project("{FAE04EC0-301F-11D3-BF4B-00C04F79EFBC}") = "Antlr", "Antlr.csproj", "{767CC859-981F-4B42-971C-05EDDA42E150}"
EndProject
Global
	GlobalSection(SolutionConfigurationPlatforms) = preSolution
		Debug|Any CPU = Debug|Any CPU
		Release|Any CPU = Release|Any CPU
	EndGlobalSection
	GlobalSection(ProjectConfigurationPlatforms) = postSolution
		{767CC859-981F-4B42-971C-05EDDA42E150}.Debug|Any CPU.ActiveCfg = Debug|Any CPU
		{767CC859-981F-4B42-971C-05EDDA42E150}.Debug|Any CPU.Build.0 = Debug|Any CPU
		{767CC859-981F-4B42-971C-05EDDA42E150}.Release|Any CPU.ActiveCfg = Release|Any CPU
		{767CC859-981F-4B42-971C-05EDDA42E150}.Release|Any CPU.Build.0 = Release|Any CPU
	EndGlobalSection
	GlobalSection(SolutionProperties) = preSolution
		HideSolutionNode = FALSE
	EndGlobalSection
	GlobalSection(ExtensibilityGlobals) = postSolution
		SolutionGuid = {3EBF60CF-0F99-4771-98DC-7115EF5D80B0}
	EndGlobalSection
EndGlobal
